
Microsoft Visual Studio Solution File, Format Version 12.00
# Visual Studio Version 17
VisualStudioVersion = 17.5.33516.290
MinimumVisualStudioVersion = 10.0.40219.1
Project("{FAE04EC0-301F-11D3-BF4B-00C04F79EFBC}") = "contactsCRUD", "contactsCRUD.csproj", "{EB89D4DB-5275-4BB1-9018-EE3030856732}"
EndProject
Global
	GlobalSection(SolutionConfigurationPlatforms) = preSolution
		Debug|Any CPU = Debug|Any CPU
		Release|Any CPU = Release|Any CPU
	EndGlobalSection
	GlobalSection(ProjectConfigurationPlatforms) = postSolution
		{EB89D4DB-5275-4BB1-9018-EE3030856732}.Debug|Any CPU.ActiveCfg = Debug|Any CPU
		{EB89D4DB-5275-4BB1-9018-EE3030856732}.Debug|Any CPU.Build.0 = Debug|Any CPU
		{EB89D4DB-5275-4BB1-9018-EE3030856732}.Release|Any CPU.ActiveCfg = Release|Any CPU
		{EB89D4DB-5275-4BB1-9018-EE3030856732}.Release|Any CPU.Build.0 = Release|Any CPU
	EndGlobalSection
	GlobalSection(SolutionProperties) = preSolution
		HideSolutionNode = FALSE
	EndGlobalSection
	GlobalSection(ExtensibilityGlobals) = postSolution
		SolutionGuid = {47336EA4-24F0-48C4-BF56-271F74597EBB}
	EndGlobalSection
EndGlobal
